
Microsoft Visual Studio Solution File, Format Version 12.00
# Visual Studio 15
VisualStudioVersion = 15.0.26430.13
MinimumVisualStudioVersion = 10.0.40219.1
Project("{9A19103F-16F7-4668-BE54-9A1E7A4F7556}") = "WebUI", "WebUI\WebUI.csproj", "{54112151-3E70-4663-8C3B-796833DAF739}"
EndProject
Project("{FAE04EC0-301F-11D3-BF4B-00C04F79EFBC}") = "Domain", "Domain\Domain.csproj", "{222CA84A-F85C-4DBB-9741-21C93816EEE8}"
EndProject
Project("{FAE04EC0-301F-11D3-BF4B-00C04F79EFBC}") = "UnitTests", "UnitTests\UnitTests.csproj", "{D0F459CB-4A9A-4679-AEC3-123F88F97C45}"
EndProject
Global
	GlobalSection(SolutionConfigurationPlatforms) = preSolution
		Debug|Any CPU = Debug|Any CPU
		Release|Any CPU = Release|Any CPU
	EndGlobalSection
	GlobalSection(ProjectConfigurationPlatforms) = postSolution
		{54112151-3E70-4663-8C3B-796833DAF739}.Debug|Any CPU.ActiveCfg = Debug|Any CPU
		{54112151-3E70-4663-8C3B-796833DAF739}.Debug|Any CPU.Build.0 = Debug|Any CPU
		{54112151-3E70-4663-8C3B-796833DAF739}.Release|Any CPU.ActiveCfg = Release|Any CPU
		{54112151-3E70-4663-8C3B-796833DAF739}.Release|Any CPU.Build.0 = Release|Any CPU
		{222CA84A-F85C-4DBB-9741-21C93816EEE8}.Debug|Any CPU.ActiveCfg = Debug|Any CPU
		{222CA84A-F85C-4DBB-9741-21C93816EEE8}.Debug|Any CPU.Build.0 = Debug|Any CPU
		{222CA84A-F85C-4DBB-9741-21C93816EEE8}.Release|Any CPU.ActiveCfg = Release|Any CPU
		{222CA84A-F85C-4DBB-9741-21C93816EEE8}.Release|Any CPU.Build.0 = Release|Any CPU
		{D0F459CB-4A9A-4679-AEC3-123F88F97C45}.Debug|Any CPU.ActiveCfg = Debug|Any CPU
		{D0F459CB-4A9A-4679-AEC3-123F88F97C45}.Debug|Any CPU.Build.0 = Debug|Any CPU
		{D0F459CB-4A9A-4679-AEC3-123F88F97C45}.Release|Any CPU.ActiveCfg = Release|Any CPU
		{D0F459CB-4A9A-4679-AEC3-123F88F97C45}.Release|Any CPU.Build.0 = Release|Any CPU
	EndGlobalSection
	GlobalSection(SolutionProperties) = preSolution
		HideSolutionNode = FALSE
	EndGlobalSection
EndGlobal
