
Microsoft Visual Studio Solution File, Format Version 12.00
# Visual Studio 15
VisualStudioVersion = 15.0.26430.13
MinimumVisualStudioVersion = 10.0.40219.1
Project("{FAE04EC0-301F-11D3-BF4B-00C04F79EFBC}") = "Domain", "Domain\Domain.csproj", "{222CA84A-F85C-4DBB-9741-21C93816EEE8}"
EndProject
Project("{FAE04EC0-301F-11D3-BF4B-00C04F79EFBC}") = "WUI", "WUI\WUI.csproj", "{7EF589F5-B515-4E6B-AC57-69B196B005B9}"
EndProject
Project("{FAE04EC0-301F-11D3-BF4B-00C04F79EFBC}") = "WUI.Tests", "WUI.Tests\WUI.Tests.csproj", "{A5B464E4-CE12-4D48-B9DE-461A8F5BA7F8}"
EndProject
Global
	GlobalSection(SolutionConfigurationPlatforms) = preSolution
		Debug|Any CPU = Debug|Any CPU
		Release|Any CPU = Release|Any CPU
	EndGlobalSection
	GlobalSection(ProjectConfigurationPlatforms) = postSolution
		{222CA84A-F85C-4DBB-9741-21C93816EEE8}.Debug|Any CPU.ActiveCfg = Debug|Any CPU
		{222CA84A-F85C-4DBB-9741-21C93816EEE8}.Debug|Any CPU.Build.0 = Debug|Any CPU
		{222CA84A-F85C-4DBB-9741-21C93816EEE8}.Release|Any CPU.ActiveCfg = Release|Any CPU
		{222CA84A-F85C-4DBB-9741-21C93816EEE8}.Release|Any CPU.Build.0 = Release|Any CPU
		{7EF589F5-B515-4E6B-AC57-69B196B005B9}.Debug|Any CPU.ActiveCfg = Debug|Any CPU
		{7EF589F5-B515-4E6B-AC57-69B196B005B9}.Debug|Any CPU.Build.0 = Debug|Any CPU
		{7EF589F5-B515-4E6B-AC57-69B196B005B9}.Release|Any CPU.ActiveCfg = Release|Any CPU
		{7EF589F5-B515-4E6B-AC57-69B196B005B9}.Release|Any CPU.Build.0 = Release|Any CPU
		{A5B464E4-CE12-4D48-B9DE-461A8F5BA7F8}.Debug|Any CPU.ActiveCfg = Debug|Any CPU
		{A5B464E4-CE12-4D48-B9DE-461A8F5BA7F8}.Debug|Any CPU.Build.0 = Debug|Any CPU
		{A5B464E4-CE12-4D48-B9DE-461A8F5BA7F8}.Release|Any CPU.ActiveCfg = Release|Any CPU
		{A5B464E4-CE12-4D48-B9DE-461A8F5BA7F8}.Release|Any CPU.Build.0 = Release|Any CPU
	EndGlobalSection
	GlobalSection(SolutionProperties) = preSolution
		HideSolutionNode = FALSE
	EndGlobalSection
EndGlobal
